github.com/asticode/go-astikit v0.2.0/go.mod h1:h4ly7idim1tNhaVkdVBeXQZEE3L0xblP7fCWbgwipF0=
github.com/asticode/go-astikit v0.17.0 h1:wzhhMmOOJFJnBXv5lBEcWrubD8WKXc1RyTTVfcEnnm8=
github.com/asticode/go-astikit v0.17.0/go.mod h1:h4ly7idim1tNhaVkdVBeXQZEE3L0xblP7fCWbgwipF0=
github.com/asticode/go-astikit v0.19.0 h1:NEeyjodbwGTZN7Pn8IYXFw1Occl59okjg6wYfDce7uM=
github.com/asticode/go-astikit v0.19.0/go.mod h1:h4ly7idim1tNhaVkdVBeXQZEE3L0xblP7fCWbgwipF0=
github.com/asticode/go-astits v1.6.1 h1:NloeSU09I7J/T1oVMBtz8UaF53dFmSpe4RR98Gz07oU=
github.com/asticode/go-astits v1.6.1/go.mod h1:Dp78dEuksl+pWzlXTkpdd91U1QDX9r57db1XpLHm5Mw=
github.com/asticode/go-astits v1.7.0 h1:L3TvfAurqFN+gIGHty3BZfKfnj3pvptspHPynzeS7zE=
github.com/asticode/go-astits v1.7.0/go.mod h1:PjDgtMpW0zewgE9KJxaPbVux39TLatXkTuKBtVEiUPE=
github.com/davecgh/go-spew v1.1.0/go.mod h1:J7Y8YcW2NihsgmVo/mv3lAwl/skON4iLHjSsI+c5H38=
github.com/pkg/profile v1.4.0/go.mod h1:NWz/XGvpEW1FyYQ7fCx4dqYBLlfTcE+A9FLAkNKqjFE=
github.com/pkg/profile v1.5.0 h1:042Buzk+NhDI+DeSAA62RwJL8VAuZUMQZUjCsRz1Mug=
github.com/pkg/profile v1.5.0/go.mod h1:qBsxPvzyUincmltOk6iyRVxHYg4adc0OFOv72ZdLa18=
github.com/pmezard/go-difflib v1.0.0/go.mod h1:iKH77koFhYxTK1pcRnkKkqfTogsbg7gZNVY4sRDYZ/4=
github.com/stretchr/objx v0.1.0/go.mod h1:HFkY916IF+rwdDfMAkV7OtwuqBVzrE8GR6GFx+wExME=
github.com/stretchr/testify v1.4.0/go.mod h1:j7eGeouHqKxXV5pUuKE4zz7dFj8WfuZ+81PSLYec5m4=
gopkg.in/check.v1 v0.0.0-20161208181325-20d25e280405/go.mod h1:Co6ibVJAznAaIkqp8huTwlJQCZ016jof/cbN4VW5Yz0=
gopkg.in/yaml.v2 v2.2.2/go.mod h1:hI93XBmqTisBFMUTm0b8Fm+jr3Dg1NNxqwp+5A1VGuI=
h12.io/socks v1.0.0 h1:oiFI7YXv4h/0kBNcmAb5EkkoFJgYsOF88EQjMBxjitc=
h12.io/socks v1.0.0/go.mod h1:MdYbo5/eB9ka7u5dzW2Qh0iSyJENwB3KI5H5ngenFGA=
